{
    "_readme": [
        "This file locks the dependencies of your project to a known state",
        "Read more about it at https://getcomposer.org/doc/01-basic-usage.md#installing-dependencies",
        "This file is @generated automatically"
    ],
    "content-hash": "949b8c7d79ba1fbe1cd7b61e60141678",
    "packages": [
        {
            "name": "roy404/request",
            "version": "v2.0",
            "source": {
                "type": "git",
                "url": "https://github.com/roycanales17/Input-Request.git",
                "reference": "32c06a5c11e13bae2022413aaab1e37dfa175841"
            },
            "dist": {
                "type": "zip",
                "url": "https://api.github.com/repos/roycanales17/Input-Request/zipball/32c06a5c11e13bae2022413aaab1e37dfa175841",
                "reference": "32c06a5c11e13bae2022413aaab1e37dfa175841",
                "shasum": ""
            },
            "require": {
                "php": "^8.0"
            },
            "type": "library",
            "autoload": {
                "psr-4": {
                    "App\\Http\\Requests\\": "src/"
                }
            },
            "notification-url": "https://packagist.org/downloads/",
            "license": [
                "MIT"
            ],
            "authors": [
                {
                    "name": "Robroy Canales",
                    "email": "canales.robroy123@gmail.com"
                }
            ],
            "description": "Request class provides an object-oriented way to interact with the current HTTP request being handled by your application as well as retrieve the input, and files that were submitted with the request.",
            "keywords": [
                "php",
                "plugins"
            ],
            "support": {
                "issues": "https://github.com/roycanales17/Input-Request/issues",
                "source": "https://github.com/roycanales17/Input-Request/tree/v2.0"
            },
            "time": "2024-10-04T09:15:54+00:00"
        }
    ],
    "packages-dev": [],
    "aliases": [],
    "minimum-stability": "stable",
    "stability-flags": [],
    "prefer-stable": false,
    "prefer-lowest": false,
    "platform": [],
    "platform-dev": [],
    "plugin-api-version": "2.6.0"
}
