{
    "_readme": [
        "This file locks the dependencies of your project to a known state",
        "Read more about it at https://getcomposer.org/doc/01-basic-usage.md#installing-dependencies",
        "This file is @generated automatically"
    ],
    "content-hash": "55648d24d727219dcd806c212615d39a",
    "packages": [
        {
            "name": "roy404/reduced-core",
            "version": "v1.0.4",
            "source": {
                "type": "git",
                "url": "https://github.com/roycanales17/Reduced-Core.git",
                "reference": "c2e9092515a36f9f503ffffbbbe78c7ff43e4ec1"
            },
            "dist": {
                "type": "zip",
                "url": "https://api.github.com/repos/roycanales17/Reduced-Core/zipball/c2e9092515a36f9f503ffffbbbe78c7ff43e4ec1",
                "reference": "c2e9092515a36f9f503ffffbbbe78c7ff43e4ec1",
                "shasum": ""
            },
            "require": {
                "php": "^8.0"
            },
            "type": "library",
            "autoload": {
                "psr-4": {
                    "Core\\": "Core/",
                    "Helper\\": "Helper/",
                    "Scheme\\": "Scheme/",
                    "Artisan\\": "Artisan/",
                    "Handler\\": "Handler/",
                    "Database\\": "Database/",
                    "Requests\\": "Requests/"
                }
            },
            "notification-url": "https://packagist.org/downloads/",
            "license": [
                "MIT"
            ],
            "authors": [
                {
                    "name": "Robroy Canales",
                    "email": "canales.robroy123@gmail.com"
                }
            ],
            "description": "Custom framework core.",
            "keywords": [
                "framework",
                "php"
            ],
            "support": {
                "issues": "https://github.com/roycanales17/Reduced-Core/issues",
                "source": "https://github.com/roycanales17/Reduced-Core/tree/v1.0.4"
            },
            "time": "2024-12-15T03:57:51+00:00"
        }
    ],
    "packages-dev": [],
    "aliases": [],
    "minimum-stability": "dev",
    "stability-flags": [],
    "prefer-stable": false,
    "prefer-lowest": false,
    "platform": {
        "php": "^8.2"
    },
    "platform-dev": [],
    "plugin-api-version": "2.6.0"
}
